
Microsoft Visual Studio Solution File, Format Version 12.00
# Visual Studio Version 17
VisualStudioVersion = 17.8.34511.84
MinimumVisualStudioVersion = 10.0.40219.1
Project("{FAE04EC0-301F-11D3-BF4B-00C04F79EFBC}") = "travelSiteHP", "travelSiteHP.csproj", "{8D22CD1C-C10D-4A12-B84B-E083313BBC44}"
EndProject
Global
	GlobalSection(SolutionConfigurationPlatforms) = preSolution
		Debug|Any CPU = Debug|Any CPU
		Release|Any CPU = Release|Any CPU
	EndGlobalSection
	GlobalSection(ProjectConfigurationPlatforms) = postSolution
		{8D22CD1C-C10D-4A12-B84B-E083313BBC44}.Debug|Any CPU.ActiveCfg = Debug|Any CPU
		{8D22CD1C-C10D-4A12-B84B-E083313BBC44}.Debug|Any CPU.Build.0 = Debug|Any CPU
		{8D22CD1C-C10D-4A12-B84B-E083313BBC44}.Release|Any CPU.ActiveCfg = Release|Any CPU
		{8D22CD1C-C10D-4A12-B84B-E083313BBC44}.Release|Any CPU.Build.0 = Release|Any CPU
	EndGlobalSection
	GlobalSection(SolutionProperties) = preSolution
		HideSolutionNode = FALSE
	EndGlobalSection
	GlobalSection(ExtensibilityGlobals) = postSolution
		SolutionGuid = {E55EFBA1-078D-42B7-B8BA-00F7753A2033}
	EndGlobalSection
EndGlobal
